// !$*UTF8*$!
{
	archiveVersion = 1;
	classes = {
	};
	objectVersion = 56;
	objects = {

/* Begin PBXBuildFile section */
		5F9BBC392BD96F45008AEF3E /* iza_projektApp.swift in Sources */ = {isa = PBXBuildFile; fileRef = 5F9BBC382BD96F45008AEF3E /* iza_projektApp.swift */; };
		5F9BBC3B2BD96F45008AEF3E /* ContentView.swift in Sources */ = {isa = PBXBuildFile; fileRef = 5F9BBC3A2BD96F45008AEF3E /* ContentView.swift */; };
		5F9BBC3F2BD96F46008AEF3E /* Assets.xcassets in Resources */ = {isa = PBXBuildFile; fileRef = 5F9BBC3E2BD96F46008AEF3E /* Assets.xcassets */; };
		5F9BBC422BD96F46008AEF3E /* Preview Assets.xcassets in Resources */ = {isa = PBXBuildFile; fileRef = 5F9BBC412BD96F46008AEF3E /* Preview Assets.xcassets */; };
		5FAFFACB2BD97561001577E1 /* GrainyTextureView.swift in Sources */ = {isa = PBXBuildFile; fileRef = 5FAFFACA2BD97561001577E1 /* GrainyTextureView.swift */; };
		5FAFFACF2BD97581001577E1 /* Event.swift in Sources */ = {isa = PBXBuildFile; fileRef = 5FAFFACE2BD97581001577E1 /* Event.swift */; };
		5FAFFAD12BD975A9001577E1 /* EventDetailView.swift in Sources */ = {isa = PBXBuildFile; fileRef = 5FAFFAD02BD975A9001577E1 /* EventDetailView.swift */; };
		5FAFFAD32BD975BD001577E1 /* EventItem.swift in Sources */ = {isa = PBXBuildFile; fileRef = 5FAFFAD22BD975BD001577E1 /* EventItem.swift */; };
		5FAFFAD72BD975EF001577E1 /* NewEventDrawer.swift in Sources */ = {isa = PBXBuildFile; fileRef = 5FAFFAD62BD975EF001577E1 /* NewEventDrawer.swift */; };
		5FAFFAD92BD975FE001577E1 /* Tutel.swift in Sources */ = {isa = PBXBuildFile; fileRef = 5FAFFAD82BD975FE001577E1 /* Tutel.swift */; };
		5FAFFADB2BD9762E001577E1 /* Lora.ttf in Resources */ = {isa = PBXBuildFile; fileRef = 5FAFFADA2BD9762E001577E1 /* Lora.ttf */; };
		5FC5721D2BF4C88800DF16ED /* Task.swift in Sources */ = {isa = PBXBuildFile; fileRef = 5FC5721C2BF4C88800DF16ED /* Task.swift */; };
		5FC5722D2BFBA8FC00DF16ED /* EventForm.swift in Sources */ = {isa = PBXBuildFile; fileRef = 5FC5722C2BFBA8FC00DF16ED /* EventForm.swift */; };
		5FC572302BFBAE3700DF16ED /* EventTypeBadge.swift in Sources */ = {isa = PBXBuildFile; fileRef = 5FC5722F2BFBAE3700DF16ED /* EventTypeBadge.swift */; };
		5FC572322BFBAE9300DF16ED /* EventDateBadge.swift in Sources */ = {isa = PBXBuildFile; fileRef = 5FC572312BFBAE9300DF16ED /* EventDateBadge.swift */; };
		5FC572362BFBAEED00DF16ED /* EventDetails.swift in Sources */ = {isa = PBXBuildFile; fileRef = 5FC572352BFBAEED00DF16ED /* EventDetails.swift */; };
		5FC572382BFBAF3400DF16ED /* EventProgressBar.swift in Sources */ = {isa = PBXBuildFile; fileRef = 5FC572372BFBAF3400DF16ED /* EventProgressBar.swift */; };
		5FC5723A2BFBB9D700DF16ED /* EventDashboardOptions.swift in Sources */ = {isa = PBXBuildFile; fileRef = 5FC572392BFBB9D700DF16ED /* EventDashboardOptions.swift */; };
		5FC5723C2BFBBA1700DF16ED /* EventDashboard.swift in Sources */ = {isa = PBXBuildFile; fileRef = 5FC5723B2BFBBA1700DF16ED /* EventDashboard.swift */; };
/* End PBXBuildFile section */

/* Begin PBXFileReference section */
		5F9BBC352BD96F45008AEF3E /* iza-projekt.app */ = {isa = PBXFileReference; explicitFileType = wrapper.application; includeInIndex = 0; path = "iza-projekt.app"; sourceTree = BUILT_PRODUCTS_DIR; };
		5F9BBC382BD96F45008AEF3E /* iza_projektApp.swift */ = {isa = PBXFileReference; lastKnownFileType = sourcecode.swift; path = iza_projektApp.swift; sourceTree = "<group>"; };
		5F9BBC3A2BD96F45008AEF3E /* ContentView.swift */ = {isa = PBXFileReference; lastKnownFileType = sourcecode.swift; path = ContentView.swift; sourceTree = "<group>"; };
		5F9BBC3E2BD96F46008AEF3E /* Assets.xcassets */ = {isa = PBXFileReference; lastKnownFileType = folder.assetcatalog; path = Assets.xcassets; sourceTree = "<group>"; };
		5F9BBC412BD96F46008AEF3E /* Preview Assets.xcassets */ = {isa = PBXFileReference; lastKnownFileType = folder.assetcatalog; path = "Preview Assets.xcassets"; sourceTree = "<group>"; };
		5FAFFACA2BD97561001577E1 /* GrainyTextureView.swift */ = {isa = PBXFileReference; lastKnownFileType = sourcecode.swift; path = GrainyTextureView.swift; sourceTree = "<group>"; };
		5FAFFACE2BD97581001577E1 /* Event.swift */ = {isa = PBXFileReference; lastKnownFileType = sourcecode.swift; path = Event.swift; sourceTree = "<group>"; };
		5FAFFAD02BD975A9001577E1 /* EventDetailView.swift */ = {isa = PBXFileReference; lastKnownFileType = sourcecode.swift; path = EventDetailView.swift; sourceTree = "<group>"; };
		5FAFFAD22BD975BD001577E1 /* EventItem.swift */ = {isa = PBXFileReference; lastKnownFileType = sourcecode.swift; path = EventItem.swift; sourceTree = "<group>"; };
		5FAFFAD62BD975EF001577E1 /* NewEventDrawer.swift */ = {isa = PBXFileReference; lastKnownFileType = sourcecode.swift; path = NewEventDrawer.swift; sourceTree = "<group>"; };
		5FAFFAD82BD975FE001577E1 /* Tutel.swift */ = {isa = PBXFileReference; lastKnownFileType = sourcecode.swift; path = Tutel.swift; sourceTree = "<group>"; };
		5FAFFADA2BD9762E001577E1 /* Lora.ttf */ = {isa = PBXFileReference; lastKnownFileType = file; path = Lora.ttf; sourceTree = "<group>"; };
		5FAFFADC2BD97638001577E1 /* Info.plist */ = {isa = PBXFileReference; lastKnownFileType = text.plist; path = Info.plist; sourceTree = "<group>"; };
		5FC5721C2BF4C88800DF16ED /* Task.swift */ = {isa = PBXFileReference; lastKnownFileType = sourcecode.swift; path = Task.swift; sourceTree = "<group>"; };
		5FC5722C2BFBA8FC00DF16ED /* EventForm.swift */ = {isa = PBXFileReference; lastKnownFileType = sourcecode.swift; path = EventForm.swift; sourceTree = "<group>"; };
		5FC5722F2BFBAE3700DF16ED /* EventTypeBadge.swift */ = {isa = PBXFileReference; lastKnownFileType = sourcecode.swift; path = EventTypeBadge.swift; sourceTree = "<group>"; };
		5FC572312BFBAE9300DF16ED /* EventDateBadge.swift */ = {isa = PBXFileReference; lastKnownFileType = sourcecode.swift; path = EventDateBadge.swift; sourceTree = "<group>"; };
		5FC572352BFBAEED00DF16ED /* EventDetails.swift */ = {isa = PBXFileReference; lastKnownFileType = sourcecode.swift; path = EventDetails.swift; sourceTree = "<group>"; };
		5FC572372BFBAF3400DF16ED /* EventProgressBar.swift */ = {isa = PBXFileReference; lastKnownFileType = sourcecode.swift; path = EventProgressBar.swift; sourceTree = "<group>"; };
		5FC572392BFBB9D700DF16ED /* EventDashboardOptions.swift */ = {isa = PBXFileReference; lastKnownFileType = sourcecode.swift; path = EventDashboardOptions.swift; sourceTree = "<group>"; };
		5FC5723B2BFBBA1700DF16ED /* EventDashboard.swift */ = {isa = PBXFileReference; lastKnownFileType = sourcecode.swift; path = EventDashboard.swift; sourceTree = "<group>"; };
/* End PBXFileReference section */

/* Begin PBXFrameworksBuildPhase section */
		5F9BBC322BD96F45008AEF3E /* Frameworks */ = {
			isa = PBXFrameworksBuildPhase;
			buildActionMask = 2147483647;
			files = (
			);
			runOnlyForDeploymentPostprocessing = 0;
		};
/* End PBXFrameworksBuildPhase section */

/* Begin PBXGroup section */
		5F9BBC2C2BD96F45008AEF3E = {
			isa = PBXGroup;
			children = (
				5F9BBC372BD96F45008AEF3E /* iza-projekt */,
				5F9BBC362BD96F45008AEF3E /* Products */,
			);
			sourceTree = "<group>";
		};
		5F9BBC362BD96F45008AEF3E /* Products */ = {
			isa = PBXGroup;
			children = (
				5F9BBC352BD96F45008AEF3E /* iza-projekt.app */,
			);
			name = Products;
			sourceTree = "<group>";
		};
		5F9BBC372BD96F45008AEF3E /* iza-projekt */ = {
			isa = PBXGroup;
			children = (
				5FAFFADC2BD97638001577E1 /* Info.plist */,
				5F9BBC382BD96F45008AEF3E /* iza_projektApp.swift */,
				5FAFFADA2BD9762E001577E1 /* Lora.ttf */,
				5FC572292BFBA80D00DF16ED /* Screens */,
				5FC5722A2BFBA82200DF16ED /* Components */,
				5FC5722B2BFBA82E00DF16ED /* Models */,
				5F9BBC3E2BD96F46008AEF3E /* Assets.xcassets */,
				5F9BBC402BD96F46008AEF3E /* Preview Content */,
			);
			path = "iza-projekt";
			sourceTree = "<group>";
		};
		5F9BBC402BD96F46008AEF3E /* Preview Content */ = {
			isa = PBXGroup;
			children = (
				5F9BBC412BD96F46008AEF3E /* Preview Assets.xcassets */,
			);
			path = "Preview Content";
			sourceTree = "<group>";
		};
		5FC572292BFBA80D00DF16ED /* Screens */ = {
			isa = PBXGroup;
			children = (
				5F9BBC3A2BD96F45008AEF3E /* ContentView.swift */,
				5FAFFAD02BD975A9001577E1 /* EventDetailView.swift */,
				5FAFFAD62BD975EF001577E1 /* NewEventDrawer.swift */,
			);
			path = Screens;
			sourceTree = "<group>";
		};
		5FC5722A2BFBA82200DF16ED /* Components */ = {
			isa = PBXGroup;
			children = (
				5FC5723D2BFBBA3300DF16ED /* MainScreen */,
				5FAFFACA2BD97561001577E1 /* GrainyTextureView.swift */,
				5FC572342BFBAEA500DF16ED /* EventItem */,
				5FC5722C2BFBA8FC00DF16ED /* EventForm.swift */,
				5FAFFAD82BD975FE001577E1 /* Tutel.swift */,
			);
			path = Components;
			sourceTree = "<group>";
		};
		5FC5722B2BFBA82E00DF16ED /* Models */ = {
			isa = PBXGroup;
			children = (
				5FC5721C2BF4C88800DF16ED /* Task.swift */,
				5FAFFACE2BD97581001577E1 /* Event.swift */,
			);
			path = Models;
			sourceTree = "<group>";
		};
		5FC572342BFBAEA500DF16ED /* EventItem */ = {
			isa = PBXGroup;
			children = (
				5FAFFAD22BD975BD001577E1 /* EventItem.swift */,
				5FC572372BFBAF3400DF16ED /* EventProgressBar.swift */,
				5FC572352BFBAEED00DF16ED /* EventDetails.swift */,
				5FC572312BFBAE9300DF16ED /* EventDateBadge.swift */,
				5FC5722F2BFBAE3700DF16ED /* EventTypeBadge.swift */,
			);
			path = EventItem;
			sourceTree = "<group>";
		};
		5FC5723D2BFBBA3300DF16ED /* MainScreen */ = {
			isa = PBXGroup;
			children = (
				5FC5723B2BFBBA1700DF16ED /* EventDashboard.swift */,
				5FC572392BFBB9D700DF16ED /* EventDashboardOptions.swift */,
			);
			path = MainScreen;
			sourceTree = "<group>";
		};
/* End PBXGroup section */

/* Begin PBXNativeTarget section */
		5F9BBC342BD96F45008AEF3E /* iza-projekt */ = {
			isa = PBXNativeTarget;
			buildConfigurationList = 5F9BBC452BD96F46008AEF3E /* Build configuration list for PBXNativeTarget "iza-projekt" */;
			buildPhases = (
				5F9BBC312BD96F45008AEF3E /* Sources */,
				5F9BBC322BD96F45008AEF3E /* Frameworks */,
				5F9BBC332BD96F45008AEF3E /* Resources */,
			);
			buildRules = (
			);
			dependencies = (
			);
			name = "iza-projekt";
			productName = "iza-projekt";
			productReference = 5F9BBC352BD96F45008AEF3E /* iza-projekt.app */;
			productType = "com.apple.product-type.application";
		};
/* End PBXNativeTarget section */

/* Begin PBXProject section */
		5F9BBC2D2BD96F45008AEF3E /* Project object */ = {
			isa = PBXProject;
			attributes = {
				BuildIndependentTargetsInParallel = 1;
				LastSwiftUpdateCheck = 1530;
				LastUpgradeCheck = 1530;
				TargetAttributes = {
					5F9BBC342BD96F45008AEF3E = {
						CreatedOnToolsVersion = 15.3;
					};
				};
			};
			buildConfigurationList = 5F9BBC302BD96F45008AEF3E /* Build configuration list for PBXProject "iza-projekt" */;
			compatibilityVersion = "Xcode 14.0";
			developmentRegion = en;
			hasScannedForEncodings = 0;
			knownRegions = (
				en,
				Base,
			);
			mainGroup = 5F9BBC2C2BD96F45008AEF3E;
			productRefGroup = 5F9BBC362BD96F45008AEF3E /* Products */;
			projectDirPath = "";
			projectRoot = "";
			targets = (
				5F9BBC342BD96F45008AEF3E /* iza-projekt */,
			);
		};
/* End PBXProject section */

/* Begin PBXResourcesBuildPhase section */
		5F9BBC332BD96F45008AEF3E /* Resources */ = {
			isa = PBXResourcesBuildPhase;
			buildActionMask = 2147483647;
			files = (
				5FAFFADB2BD9762E001577E1 /* Lora.ttf in Resources */,
				5F9BBC422BD96F46008AEF3E /* Preview Assets.xcassets in Resources */,
				5F9BBC3F2BD96F46008AEF3E /* Assets.xcassets in Resources */,
			);
			runOnlyForDeploymentPostprocessing = 0;
		};
/* End PBXResourcesBuildPhase section */

/* Begin PBXSourcesBuildPhase section */
		5F9BBC312BD96F45008AEF3E /* Sources */ = {
			isa = PBXSourcesBuildPhase;
			buildActionMask = 2147483647;
			files = (
				5FC572302BFBAE3700DF16ED /* EventTypeBadge.swift in Sources */,
				5FAFFAD72BD975EF001577E1 /* NewEventDrawer.swift in Sources */,
				5FC572322BFBAE9300DF16ED /* EventDateBadge.swift in Sources */,
				5FAFFACB2BD97561001577E1 /* GrainyTextureView.swift in Sources */,
				5FC5721D2BF4C88800DF16ED /* Task.swift in Sources */,
				5FAFFAD12BD975A9001577E1 /* EventDetailView.swift in Sources */,
				5F9BBC3B2BD96F45008AEF3E /* ContentView.swift in Sources */,
				5F9BBC392BD96F45008AEF3E /* iza_projektApp.swift in Sources */,
				5FC572362BFBAEED00DF16ED /* EventDetails.swift in Sources */,
				5FC5723C2BFBBA1700DF16ED /* EventDashboard.swift in Sources */,
				5FC572382BFBAF3400DF16ED /* EventProgressBar.swift in Sources */,
				5FC5722D2BFBA8FC00DF16ED /* EventForm.swift in Sources */,
				5FAFFAD92BD975FE001577E1 /* Tutel.swift in Sources */,
				5FAFFACF2BD97581001577E1 /* Event.swift in Sources */,
				5FAFFAD32BD975BD001577E1 /* EventItem.swift in Sources */,
				5FC5723A2BFBB9D700DF16ED /* EventDashboardOptions.swift in Sources */,
			);
			runOnlyForDeploymentPostprocessing = 0;
		};
/* End PBXSourcesBuildPhase section */

/* Begin XCBuildConfiguration section */
		5F9BBC432BD96F46008AEF3E /* Debug */ = {
			isa = XCBuildConfiguration;
			buildSettings = {
				ALWAYS_SEARCH_USER_PATHS = NO;
				ASSETCATALOG_COMPILER_GENERATE_SWIFT_ASSET_SYMBOL_EXTENSIONS = YES;
				CLANG_ANALYZER_NONNULL = YES;
				CLANG_ANALYZER_NUMBER_OBJECT_CONVERSION = YES_AGGRESSIVE;
				CLANG_CXX_LANGUAGE_STANDARD = "gnu++20";
				CLANG_ENABLE_MODULES = YES;
				CLANG_ENABLE_OBJC_ARC = YES;
				CLANG_ENABLE_OBJC_WEAK = YES;
				CLANG_WARN_BLOCK_CAPTURE_AUTORELEASING = YES;
				CLANG_WARN_BOOL_CONVERSION = YES;
				CLANG_WARN_COMMA = YES;
				CLANG_WARN_CONSTANT_CONVERSION = YES;
				CLANG_WARN_DEPRECATED_OBJC_IMPLEMENTATIONS = YES;
				CLANG_WARN_DIRECT_OBJC_ISA_USAGE = YES_ERROR;
				CLANG_WARN_DOCUMENTATION_COMMENTS = YES;
				CLANG_WARN_EMPTY_BODY = YES;
				CLANG_WARN_ENUM_CONVERSION = YES;
				CLANG_WARN_INFINITE_RECURSION = YES;
				CLANG_WARN_INT_CONVERSION = YES;
				CLANG_WARN_NON_LITERAL_NULL_CONVERSION = YES;
				CLANG_WARN_OBJC_IMPLICIT_RETAIN_SELF = YES;
				CLANG_WARN_OBJC_LITERAL_CONVERSION = YES;
				CLANG_WARN_OBJC_ROOT_CLASS = YES_ERROR;
				CLANG_WARN_QUOTED_INCLUDE_IN_FRAMEWORK_HEADER = YES;
				CLANG_WARN_RANGE_LOOP_ANALYSIS = YES;
				CLANG_WARN_STRICT_PROTOTYPES = YES;
				CLANG_WARN_SUSPICIOUS_MOVE = YES;
				CLANG_WARN_UNGUARDED_AVAILABILITY = YES_AGGRESSIVE;
				CLANG_WARN_UNREACHABLE_CODE = YES;
				CLANG_WARN__DUPLICATE_METHOD_MATCH = YES;
				COPY_PHASE_STRIP = NO;
				DEBUG_INFORMATION_FORMAT = dwarf;
				ENABLE_STRICT_OBJC_MSGSEND = YES;
				ENABLE_TESTABILITY = YES;
				ENABLE_USER_SCRIPT_SANDBOXING = YES;
				GCC_C_LANGUAGE_STANDARD = gnu17;
				GCC_DYNAMIC_NO_PIC = NO;
				GCC_NO_COMMON_BLOCKS = YES;
				GCC_OPTIMIZATION_LEVEL = 0;
				GCC_PREPROCESSOR_DEFINITIONS = (
					"DEBUG=1",
					"$(inherited)",
				);
				GCC_WARN_64_TO_32_BIT_CONVERSION = YES;
				GCC_WARN_ABOUT_RETURN_TYPE = YES_ERROR;
				GCC_WARN_UNDECLARED_SELECTOR = YES;
				GCC_WARN_UNINITIALIZED_AUTOS = YES_AGGRESSIVE;
				GCC_WARN_UNUSED_FUNCTION = YES;
				GCC_WARN_UNUSED_VARIABLE = YES;
				IPHONEOS_DEPLOYMENT_TARGET = 17.4;
				LOCALIZATION_PREFERS_STRING_CATALOGS = YES;
				MTL_ENABLE_DEBUG_INFO = INCLUDE_SOURCE;
				MTL_FAST_MATH = YES;
				ONLY_ACTIVE_ARCH = YES;
				SDKROOT = iphoneos;
				SWIFT_ACTIVE_COMPILATION_CONDITIONS = "DEBUG $(inherited)";
				SWIFT_OPTIMIZATION_LEVEL = "-Onone";
			};
			name = Debug;
		};
		5F9BBC442BD96F46008AEF3E /* Release */ = {
			isa = XCBuildConfiguration;
			buildSettings = {
				ALWAYS_SEARCH_USER_PATHS = NO;
				ASSETCATALOG_COMPILER_GENERATE_SWIFT_ASSET_SYMBOL_EXTENSIONS = YES;
				CLANG_ANALYZER_NONNULL = YES;
				CLANG_ANALYZER_NUMBER_OBJECT_CONVERSION = YES_AGGRESSIVE;
				CLANG_CXX_LANGUAGE_STANDARD = "gnu++20";
				CLANG_ENABLE_MODULES = YES;
				CLANG_ENABLE_OBJC_ARC = YES;
				CLANG_ENABLE_OBJC_WEAK = YES;
				CLANG_WARN_BLOCK_CAPTURE_AUTORELEASING = YES;
				CLANG_WARN_BOOL_CONVERSION = YES;
				CLANG_WARN_COMMA = YES;
				CLANG_WARN_CONSTANT_CONVERSION = YES;
				CLANG_WARN_DEPRECATED_OBJC_IMPLEMENTATIONS = YES;
				CLANG_WARN_DIRECT_OBJC_ISA_USAGE = YES_ERROR;
				CLANG_WARN_DOCUMENTATION_COMMENTS = YES;
				CLANG_WARN_EMPTY_BODY = YES;
				CLANG_WARN_ENUM_CONVERSION = YES;
				CLANG_WARN_INFINITE_RECURSION = YES;
				CLANG_WARN_INT_CONVERSION = YES;
				CLANG_WARN_NON_LITERAL_NULL_CONVERSION = YES;
				CLANG_WARN_OBJC_IMPLICIT_RETAIN_SELF = YES;
				CLANG_WARN_OBJC_LITERAL_CONVERSION = YES;
				CLANG_WARN_OBJC_ROOT_CLASS = YES_ERROR;
				CLANG_WARN_QUOTED_INCLUDE_IN_FRAMEWORK_HEADER = YES;
				CLANG_WARN_RANGE_LOOP_ANALYSIS = YES;
				CLANG_WARN_STRICT_PROTOTYPES = YES;
				CLANG_WARN_SUSPICIOUS_MOVE = YES;
				CLANG_WARN_UNGUARDED_AVAILABILITY = YES_AGGRESSIVE;
				CLANG_WARN_UNREACHABLE_CODE = YES;
				CLANG_WARN__DUPLICATE_METHOD_MATCH = YES;
				COPY_PHASE_STRIP = NO;
				DEBUG_INFORMATION_FORMAT = "dwarf-with-dsym";
				ENABLE_NS_ASSERTIONS = NO;
				ENABLE_STRICT_OBJC_MSGSEND = YES;
				ENABLE_USER_SCRIPT_SANDBOXING = YES;
				GCC_C_LANGUAGE_STANDARD = gnu17;
				GCC_NO_COMMON_BLOCKS = YES;
				GCC_WARN_64_TO_32_BIT_CONVERSION = YES;
				GCC_WARN_ABOUT_RETURN_TYPE = YES_ERROR;
				GCC_WARN_UNDECLARED_SELECTOR = YES;
				GCC_WARN_UNINITIALIZED_AUTOS = YES_AGGRESSIVE;
				GCC_WARN_UNUSED_FUNCTION = YES;
				GCC_WARN_UNUSED_VARIABLE = YES;
				IPHONEOS_DEPLOYMENT_TARGET = 17.4;
				LOCALIZATION_PREFERS_STRING_CATALOGS = YES;
				MTL_ENABLE_DEBUG_INFO = NO;
				MTL_FAST_MATH = YES;
				SDKROOT = iphoneos;
				SWIFT_COMPILATION_MODE = wholemodule;
				VALIDATE_PRODUCT = YES;
			};
			name = Release;
		};
		5F9BBC462BD96F46008AEF3E /* Debug */ = {
			isa = XCBuildConfiguration;
			buildSettings = {
				ASSETCATALOG_COMPILER_APPICON_NAME = AppIcon;
				ASSETCATALOG_COMPILER_GLOBAL_ACCENT_COLOR_NAME = AccentColor;
				CODE_SIGN_STYLE = Automatic;
				CURRENT_PROJECT_VERSION = 1;
				DEVELOPMENT_ASSET_PATHS = "\"iza-projekt/Preview Content\"";
				DEVELOPMENT_TEAM = 94SBMDT92A;
				ENABLE_PREVIEWS = YES;
				GENERATE_INFOPLIST_FILE = YES;
				INFOPLIST_FILE = "iza-projekt/Info.plist";
				INFOPLIST_KEY_CFBundleDisplayName = ImBadAtTimeManagementAndForgetEverything;
				INFOPLIST_KEY_UIApplicationSceneManifest_Generation = YES;
				INFOPLIST_KEY_UIApplicationSupportsIndirectInputEvents = YES;
				INFOPLIST_KEY_UILaunchScreen_Generation = YES;
				INFOPLIST_KEY_UISupportedInterfaceOrientations_iPad = "UIInterfaceOrientationPortrait UIInterfaceOrientationPortraitUpsideDown UIInterfaceOrientationLandscapeLeft UIInterfaceOrientationLandscapeRight";
				INFOPLIST_KEY_UISupportedInterfaceOrientations_iPhone = "UIInterfaceOrientationPortrait UIInterfaceOrientationLandscapeLeft UIInterfaceOrientationLandscapeRight";
				LD_RUNPATH_SEARCH_PATHS = (
					"$(inherited)",
					"@executable_path/Frameworks",
				);
				MARKETING_VERSION = 1.0;
				PRODUCT_BUNDLE_IDENTIFIER = "xhobza03.iza-projekt";
				PRODUCT_NAME = "$(TARGET_NAME)";
				SWIFT_EMIT_LOC_STRINGS = YES;
				SWIFT_VERSION = 5.0;
				TARGETED_DEVICE_FAMILY = "1,2";
			};
			name = Debug;
		};
		5F9BBC472BD96F46008AEF3E /* Release */ = {
			isa = XCBuildConfiguration;
			buildSettings = {
				ASSETCATALOG_COMPILER_APPICON_NAME = AppIcon;
				ASSETCATALOG_COMPILER_GLOBAL_ACCENT_COLOR_NAME = AccentColor;
				CODE_SIGN_STYLE = Automatic;
				CURRENT_PROJECT_VERSION = 1;
				DEVELOPMENT_ASSET_PATHS = "\"iza-projekt/Preview Content\"";
				DEVELOPMENT_TEAM = 94SBMDT92A;
				ENABLE_PREVIEWS = YES;
				GENERATE_INFOPLIST_FILE = YES;
				INFOPLIST_FILE = "iza-projekt/Info.plist";
				INFOPLIST_KEY_CFBundleDisplayName = ImBadAtTimeManagementAndForgetEverything;
				INFOPLIST_KEY_UIApplicationSceneManifest_Generation = YES;
				INFOPLIST_KEY_UIApplicationSupportsIndirectInputEvents = YES;
				INFOPLIST_KEY_UILaunchScreen_Generation = YES;
				INFOPLIST_KEY_UISupportedInterfaceOrientations_iPad = "UIInterfaceOrientationPortrait UIInterfaceOrientationPortraitUpsideDown UIInterfaceOrientationLandscapeLeft UIInterfaceOrientationLandscapeRight";
				INFOPLIST_KEY_UISupportedInterfaceOrientations_iPhone = "UIInterfaceOrientationPortrait UIInterfaceOrientationLandscapeLeft UIInterfaceOrientationLandscapeRight";
				LD_RUNPATH_SEARCH_PATHS = (
					"$(inherited)",
					"@executable_path/Frameworks",
				);
				MARKETING_VERSION = 1.0;
				PRODUCT_BUNDLE_IDENTIFIER = "xhobza03.iza-projekt";
				PRODUCT_NAME = "$(TARGET_NAME)";
				SWIFT_EMIT_LOC_STRINGS = YES;
				SWIFT_VERSION = 5.0;
				TARGETED_DEVICE_FAMILY = "1,2";
			};
			name = Release;
		};
/* End XCBuildConfiguration section */

/* Begin XCConfigurationList section */
		5F9BBC302BD96F45008AEF3E /* Build configuration list for PBXProject "iza-projekt" */ = {
			isa = XCConfigurationList;
			buildConfigurations = (
				5F9BBC432BD96F46008AEF3E /* Debug */,
				5F9BBC442BD96F46008AEF3E /* Release */,
			);
			defaultConfigurationIsVisible = 0;
			defaultConfigurationName = Release;
		};
		5F9BBC452BD96F46008AEF3E /* Build configuration list for PBXNativeTarget "iza-projekt" */ = {
			isa = XCConfigurationList;
			buildConfigurations = (
				5F9BBC462BD96F46008AEF3E /* Debug */,
				5F9BBC472BD96F46008AEF3E /* Release */,
			);
			defaultConfigurationIsVisible = 0;
			defaultConfigurationName = Release;
		};
/* End XCConfigurationList section */
	};
	rootObject = 5F9BBC2D2BD96F45008AEF3E /* Project object */;
}
